
Microsoft Visual Studio Solution File, Format Version 12.00
# Visual Studio Version 16
VisualStudioVersion = 16.0.29709.97
MinimumVisualStudioVersion = 10.0.40219.1
Project("{FAE04EC0-301F-11D3-BF4B-00C04F79EFBC}") = "MyFirstApp", "MyFirstApp\MyFirstApp.csproj", "{DC87B3E0-D660-472F-9A1B-A654BEF4ECC9}"
EndProject
Global
	GlobalSection(SolutionConfigurationPlatforms) = preSolution
		Debug|Any CPU = Debug|Any CPU
		Release|Any CPU = Release|Any CPU
	EndGlobalSection
	GlobalSection(ProjectConfigurationPlatforms) = postSolution
		{DC87B3E0-D660-472F-9A1B-A654BEF4ECC9}.Debug|Any CPU.ActiveCfg = Debug|Any CPU
		{DC87B3E0-D660-472F-9A1B-A654BEF4ECC9}.Debug|Any CPU.Build.0 = Debug|Any CPU
		{DC87B3E0-D660-472F-9A1B-A654BEF4ECC9}.Release|Any CPU.ActiveCfg = Release|Any CPU
		{DC87B3E0-D660-472F-9A1B-A654BEF4ECC9}.Release|Any CPU.Build.0 = Release|Any CPU
	EndGlobalSection
	GlobalSection(SolutionProperties) = preSolution
		HideSolutionNode = FALSE
	EndGlobalSection
	GlobalSection(ExtensibilityGlobals) = postSolution
		SolutionGuid = {D5FCBE63-DA9F-4A8C-BD34-F1FDC9A86597}
	EndGlobalSection
EndGlobal
